
Microsoft Visual Studio Solution File, Format Version 12.00
# Visual Studio Version 17
VisualStudioVersion = 17.6.33815.320
MinimumVisualStudioVersion = 10.0.40219.1
Project("{9A19103F-16F7-4668-BE54-9A1E7A4F7556}") = "M02_Controls", "Controls\M02_Controls.csproj", "{9B5A1E12-45AC-43D0-8E0B-8FC72FEC03A3}"
EndProject
Project("{9A19103F-16F7-4668-BE54-9A1E7A4F7556}") = "Personendatenbank", "Personendatenbank\Personendatenbank.csproj", "{145DF41E-BB7C-44BF-AB69-100961C60819}"
EndProject
Project("{9A19103F-16F7-4668-BE54-9A1E7A4F7556}") = "M01_Grundlagen", "Grundlagen\M01_Grundlagen.csproj", "{0FFCADCA-483A-4758-AD87-C1ED106D82E0}"
EndProject
Project("{9A19103F-16F7-4668-BE54-9A1E7A4F7556}") = "M03_Layout", "Layout\M03_Layout.csproj", "{A75779D0-5A57-4EBD-BE86-74EB016AD669}"
EndProject
Project("{9A19103F-16F7-4668-BE54-9A1E7A4F7556}") = "M04_EventHandling", "EventHandling\M04_EventHandling.csproj", "{12E418C7-94D6-46AD-9F42-A20B6B274CEB}"
EndProject
Project("{9A19103F-16F7-4668-BE54-9A1E7A4F7556}") = "M05_PropertyBinding", "PropertyBinding\M05_PropertyBinding.csproj", "{E440BFAD-0161-4AB5-9129-E1D8A208123E}"
EndProject
Project("{9A19103F-16F7-4668-BE54-9A1E7A4F7556}") = "ColorPicker", "ColorPicker\ColorPicker.csproj", "{EB03533F-80CB-40C8-92EB-BB0C525DC36D}"
EndProject
Project("{9A19103F-16F7-4668-BE54-9A1E7A4F7556}") = "M06_DataBinding", "DataBinding\M06_DataBinding.csproj", "{822EB916-7204-4D90-B3C6-1E8E7DD93D13}"
EndProject
Project("{9A19103F-16F7-4668-BE54-9A1E7A4F7556}") = "M07_Resources_Styles", "Resources_Styles\M07_Resources_Styles.csproj", "{6412CBFA-D802-4676-8981-7409255A6BE8}"
EndProject
Project("{9A19103F-16F7-4668-BE54-9A1E7A4F7556}") = "M08_Templates", "Templates\M08_Templates.csproj", "{FF36200A-EC5C-493F-AD22-E43523C7CAFB}"
EndProject
Project("{9A19103F-16F7-4668-BE54-9A1E7A4F7556}") = "M09_Validation", "Validation\M09_Validation.csproj", "{E6432DBC-6302-4802-8F61-89AED89D0C81}"
EndProject
Project("{9A19103F-16F7-4668-BE54-9A1E7A4F7556}") = "M10_Trigger", "Trigger\M10_Trigger.csproj", "{D09FA2C1-52C7-4633-9403-7009CA9B2030}"
EndProject
Project("{9A19103F-16F7-4668-BE54-9A1E7A4F7556}") = "M11_UserControls", "UserControls\M11_UserControls.csproj", "{03DC1A7D-DA66-4147-838D-4356C6448A40}"
EndProject
Project("{FAE04EC0-301F-11D3-BF4B-00C04F79EFBC}") = "Commands", "Commands\Commands.csproj", "{348B3A32-83DE-4704-A25D-996686E89FB9}"
EndProject
Project("{FAE04EC0-301F-11D3-BF4B-00C04F79EFBC}") = "MVVM", "MVVM\MVVM.csproj", "{DB3F79D2-BA9A-49E8-B725-C3270CAEA206}"
EndProject
Global
	GlobalSection(SolutionConfigurationPlatforms) = preSolution
		Debug|Any CPU = Debug|Any CPU
		Release|Any CPU = Release|Any CPU
	EndGlobalSection
	GlobalSection(ProjectConfigurationPlatforms) = postSolution
		{9B5A1E12-45AC-43D0-8E0B-8FC72FEC03A3}.Debug|Any CPU.ActiveCfg = Debug|Any CPU
		{9B5A1E12-45AC-43D0-8E0B-8FC72FEC03A3}.Debug|Any CPU.Build.0 = Debug|Any CPU
		{9B5A1E12-45AC-43D0-8E0B-8FC72FEC03A3}.Release|Any CPU.ActiveCfg = Release|Any CPU
		{9B5A1E12-45AC-43D0-8E0B-8FC72FEC03A3}.Release|Any CPU.Build.0 = Release|Any CPU
		{145DF41E-BB7C-44BF-AB69-100961C60819}.Debug|Any CPU.ActiveCfg = Debug|Any CPU
		{145DF41E-BB7C-44BF-AB69-100961C60819}.Debug|Any CPU.Build.0 = Debug|Any CPU
		{145DF41E-BB7C-44BF-AB69-100961C60819}.Release|Any CPU.ActiveCfg = Release|Any CPU
		{145DF41E-BB7C-44BF-AB69-100961C60819}.Release|Any CPU.Build.0 = Release|Any CPU
		{0FFCADCA-483A-4758-AD87-C1ED106D82E0}.Debug|Any CPU.ActiveCfg = Debug|Any CPU
		{0FFCADCA-483A-4758-AD87-C1ED106D82E0}.Debug|Any CPU.Build.0 = Debug|Any CPU
		{0FFCADCA-483A-4758-AD87-C1ED106D82E0}.Release|Any CPU.ActiveCfg = Release|Any CPU
		{0FFCADCA-483A-4758-AD87-C1ED106D82E0}.Release|Any CPU.Build.0 = Release|Any CPU
		{A75779D0-5A57-4EBD-BE86-74EB016AD669}.Debug|Any CPU.ActiveCfg = Debug|Any CPU
		{A75779D0-5A57-4EBD-BE86-74EB016AD669}.Debug|Any CPU.Build.0 = Debug|Any CPU
		{A75779D0-5A57-4EBD-BE86-74EB016AD669}.Release|Any CPU.ActiveCfg = Release|Any CPU
		{A75779D0-5A57-4EBD-BE86-74EB016AD669}.Release|Any CPU.Build.0 = Release|Any CPU
		{12E418C7-94D6-46AD-9F42-A20B6B274CEB}.Debug|Any CPU.ActiveCfg = Debug|Any CPU
		{12E418C7-94D6-46AD-9F42-A20B6B274CEB}.Debug|Any CPU.Build.0 = Debug|Any CPU
		{12E418C7-94D6-46AD-9F42-A20B6B274CEB}.Release|Any CPU.ActiveCfg = Release|Any CPU
		{12E418C7-94D6-46AD-9F42-A20B6B274CEB}.Release|Any CPU.Build.0 = Release|Any CPU
		{E440BFAD-0161-4AB5-9129-E1D8A208123E}.Debug|Any CPU.ActiveCfg = Debug|Any CPU
		{E440BFAD-0161-4AB5-9129-E1D8A208123E}.Debug|Any CPU.Build.0 = Debug|Any CPU
		{E440BFAD-0161-4AB5-9129-E1D8A208123E}.Release|Any CPU.ActiveCfg = Release|Any CPU
		{E440BFAD-0161-4AB5-9129-E1D8A208123E}.Release|Any CPU.Build.0 = Release|Any CPU
		{EB03533F-80CB-40C8-92EB-BB0C525DC36D}.Debug|Any CPU.ActiveCfg = Debug|Any CPU
		{EB03533F-80CB-40C8-92EB-BB0C525DC36D}.Debug|Any CPU.Build.0 = Debug|Any CPU
		{EB03533F-80CB-40C8-92EB-BB0C525DC36D}.Release|Any CPU.ActiveCfg = Release|Any CPU
		{EB03533F-80CB-40C8-92EB-BB0C525DC36D}.Release|Any CPU.Build.0 = Release|Any CPU
		{822EB916-7204-4D90-B3C6-1E8E7DD93D13}.Debug|Any CPU.ActiveCfg = Debug|Any CPU
		{822EB916-7204-4D90-B3C6-1E8E7DD93D13}.Debug|Any CPU.Build.0 = Debug|Any CPU
		{822EB916-7204-4D90-B3C6-1E8E7DD93D13}.Release|Any CPU.ActiveCfg = Release|Any CPU
		{822EB916-7204-4D90-B3C6-1E8E7DD93D13}.Release|Any CPU.Build.0 = Release|Any CPU
		{6412CBFA-D802-4676-8981-7409255A6BE8}.Debug|Any CPU.ActiveCfg = Debug|Any CPU
		{6412CBFA-D802-4676-8981-7409255A6BE8}.Debug|Any CPU.Build.0 = Debug|Any CPU
		{6412CBFA-D802-4676-8981-7409255A6BE8}.Release|Any CPU.ActiveCfg = Release|Any CPU
		{6412CBFA-D802-4676-8981-7409255A6BE8}.Release|Any CPU.Build.0 = Release|Any CPU
		{FF36200A-EC5C-493F-AD22-E43523C7CAFB}.Debug|Any CPU.ActiveCfg = Debug|Any CPU
		{FF36200A-EC5C-493F-AD22-E43523C7CAFB}.Debug|Any CPU.Build.0 = Debug|Any CPU
		{FF36200A-EC5C-493F-AD22-E43523C7CAFB}.Release|Any CPU.ActiveCfg = Release|Any CPU
		{FF36200A-EC5C-493F-AD22-E43523C7CAFB}.Release|Any CPU.Build.0 = Release|Any CPU
		{E6432DBC-6302-4802-8F61-89AED89D0C81}.Debug|Any CPU.ActiveCfg = Debug|Any CPU
		{E6432DBC-6302-4802-8F61-89AED89D0C81}.Debug|Any CPU.Build.0 = Debug|Any CPU
		{E6432DBC-6302-4802-8F61-89AED89D0C81}.Release|Any CPU.ActiveCfg = Release|Any CPU
		{E6432DBC-6302-4802-8F61-89AED89D0C81}.Release|Any CPU.Build.0 = Release|Any CPU
		{D09FA2C1-52C7-4633-9403-7009CA9B2030}.Debug|Any CPU.ActiveCfg = Debug|Any CPU
		{D09FA2C1-52C7-4633-9403-7009CA9B2030}.Debug|Any CPU.Build.0 = Debug|Any CPU
		{D09FA2C1-52C7-4633-9403-7009CA9B2030}.Release|Any CPU.ActiveCfg = Release|Any CPU
		{D09FA2C1-52C7-4633-9403-7009CA9B2030}.Release|Any CPU.Build.0 = Release|Any CPU
		{03DC1A7D-DA66-4147-838D-4356C6448A40}.Debug|Any CPU.ActiveCfg = Debug|Any CPU
		{03DC1A7D-DA66-4147-838D-4356C6448A40}.Debug|Any CPU.Build.0 = Debug|Any CPU
		{03DC1A7D-DA66-4147-838D-4356C6448A40}.Release|Any CPU.ActiveCfg = Release|Any CPU
		{03DC1A7D-DA66-4147-838D-4356C6448A40}.Release|Any CPU.Build.0 = Release|Any CPU
		{348B3A32-83DE-4704-A25D-996686E89FB9}.Debug|Any CPU.ActiveCfg = Debug|Any CPU
		{348B3A32-83DE-4704-A25D-996686E89FB9}.Debug|Any CPU.Build.0 = Debug|Any CPU
		{348B3A32-83DE-4704-A25D-996686E89FB9}.Release|Any CPU.ActiveCfg = Release|Any CPU
		{348B3A32-83DE-4704-A25D-996686E89FB9}.Release|Any CPU.Build.0 = Release|Any CPU
		{DB3F79D2-BA9A-49E8-B725-C3270CAEA206}.Debug|Any CPU.ActiveCfg = Debug|Any CPU
		{DB3F79D2-BA9A-49E8-B725-C3270CAEA206}.Debug|Any CPU.Build.0 = Debug|Any CPU
		{DB3F79D2-BA9A-49E8-B725-C3270CAEA206}.Release|Any CPU.ActiveCfg = Release|Any CPU
		{DB3F79D2-BA9A-49E8-B725-C3270CAEA206}.Release|Any CPU.Build.0 = Release|Any CPU
	EndGlobalSection
	GlobalSection(SolutionProperties) = preSolution
		HideSolutionNode = FALSE
	EndGlobalSection
	GlobalSection(ExtensibilityGlobals) = postSolution
		SolutionGuid = {ED07E266-2E7A-44FA-9A2B-A88CBD107131}
	EndGlobalSection
EndGlobal
